
Microsoft Visual Studio Solution File, Format Version 12.00
# Visual Studio Version 17
VisualStudioVersion = 17.3.32922.545
MinimumVisualStudioVersion = 10.0.40219.1
Project("{FAE04EC0-301F-11D3-BF4B-00C04F79EFBC}") = "C2_The_Variable_Shop_Returns", "C2_The_Variable_Shop_Returns.csproj", "{172F2D63-3A47-428D-BFA5-78449BEBA5EB}"
EndProject
Global
	GlobalSection(SolutionConfigurationPlatforms) = preSolution
		Debug|Any CPU = Debug|Any CPU
		Release|Any CPU = Release|Any CPU
	EndGlobalSection
	GlobalSection(ProjectConfigurationPlatforms) = postSolution
		{172F2D63-3A47-428D-BFA5-78449BEBA5EB}.Debug|Any CPU.ActiveCfg = Debug|Any CPU
		{172F2D63-3A47-428D-BFA5-78449BEBA5EB}.Debug|Any CPU.Build.0 = Debug|Any CPU
		{172F2D63-3A47-428D-BFA5-78449BEBA5EB}.Release|Any CPU.ActiveCfg = Release|Any CPU
		{172F2D63-3A47-428D-BFA5-78449BEBA5EB}.Release|Any CPU.Build.0 = Release|Any CPU
	EndGlobalSection
	GlobalSection(SolutionProperties) = preSolution
		HideSolutionNode = FALSE
	EndGlobalSection
	GlobalSection(ExtensibilityGlobals) = postSolution
		SolutionGuid = {39A26B3E-9714-4F5A-A4A4-F547BE70E25E}
	EndGlobalSection
EndGlobal
