
Microsoft Visual Studio Solution File, Format Version 12.00
# Visual Studio Version 17
VisualStudioVersion = 17.3.32922.545
MinimumVisualStudioVersion = 10.0.40219.1
Project("{FAE04EC0-301F-11D3-BF4B-00C04F79EFBC}") = "C1_Arrow_Factories", "C1_Arrow_Factories.csproj", "{4E2C9B05-0D5F-41E9-9587-B26489D735D8}"
EndProject
Global
	GlobalSection(SolutionConfigurationPlatforms) = preSolution
		Debug|Any CPU = Debug|Any CPU
		Release|Any CPU = Release|Any CPU
	EndGlobalSection
	GlobalSection(ProjectConfigurationPlatforms) = postSolution
		{4E2C9B05-0D5F-41E9-9587-B26489D735D8}.Debug|Any CPU.ActiveCfg = Debug|Any CPU
		{4E2C9B05-0D5F-41E9-9587-B26489D735D8}.Debug|Any CPU.Build.0 = Debug|Any CPU
		{4E2C9B05-0D5F-41E9-9587-B26489D735D8}.Release|Any CPU.ActiveCfg = Release|Any CPU
		{4E2C9B05-0D5F-41E9-9587-B26489D735D8}.Release|Any CPU.Build.0 = Release|Any CPU
	EndGlobalSection
	GlobalSection(SolutionProperties) = preSolution
		HideSolutionNode = FALSE
	EndGlobalSection
	GlobalSection(ExtensibilityGlobals) = postSolution
		SolutionGuid = {A5F8F1D0-0DCC-45E2-BF80-28A41FFC9C9A}
	EndGlobalSection
EndGlobal
