
Microsoft Visual Studio Solution File, Format Version 12.00
# Visual Studio Version 17
VisualStudioVersion = 17.3.32922.545
MinimumVisualStudioVersion = 10.0.40219.1
Project("{FAE04EC0-301F-11D3-BF4B-00C04F79EFBC}") = "RoomCoordinates", "RoomCoordinates\RoomCoordinates.csproj", "{CE2E25FA-B1D5-4B0C-8069-4C4D30032C5F}"
EndProject
Global
	GlobalSection(SolutionConfigurationPlatforms) = preSolution
		Debug|Any CPU = Debug|Any CPU
		Release|Any CPU = Release|Any CPU
	EndGlobalSection
	GlobalSection(ProjectConfigurationPlatforms) = postSolution
		{CE2E25FA-B1D5-4B0C-8069-4C4D30032C5F}.Debug|Any CPU.ActiveCfg = Debug|Any CPU
		{CE2E25FA-B1D5-4B0C-8069-4C4D30032C5F}.Debug|Any CPU.Build.0 = Debug|Any CPU
		{CE2E25FA-B1D5-4B0C-8069-4C4D30032C5F}.Release|Any CPU.ActiveCfg = Release|Any CPU
		{CE2E25FA-B1D5-4B0C-8069-4C4D30032C5F}.Release|Any CPU.Build.0 = Release|Any CPU
	EndGlobalSection
	GlobalSection(SolutionProperties) = preSolution
		HideSolutionNode = FALSE
	EndGlobalSection
	GlobalSection(ExtensibilityGlobals) = postSolution
		SolutionGuid = {4BE44E91-018D-4064-8C7B-AC2A5749BD75}
	EndGlobalSection
EndGlobal
