
Microsoft Visual Studio Solution File, Format Version 12.00
# Visual Studio Version 17
VisualStudioVersion = 17.3.32922.545
MinimumVisualStudioVersion = 10.0.40219.1
Project("{FAE04EC0-301F-11D3-BF4B-00C04F79EFBC}") = "C1_Simulas_Test", "C1_Simulas_Test.csproj", "{72EC25EB-7E3A-43EC-8B2A-61F733C78F01}"
EndProject
Global
	GlobalSection(SolutionConfigurationPlatforms) = preSolution
		Debug|Any CPU = Debug|Any CPU
		Release|Any CPU = Release|Any CPU
	EndGlobalSection
	GlobalSection(ProjectConfigurationPlatforms) = postSolution
		{72EC25EB-7E3A-43EC-8B2A-61F733C78F01}.Debug|Any CPU.ActiveCfg = Debug|Any CPU
		{72EC25EB-7E3A-43EC-8B2A-61F733C78F01}.Debug|Any CPU.Build.0 = Debug|Any CPU
		{72EC25EB-7E3A-43EC-8B2A-61F733C78F01}.Release|Any CPU.ActiveCfg = Release|Any CPU
		{72EC25EB-7E3A-43EC-8B2A-61F733C78F01}.Release|Any CPU.Build.0 = Release|Any CPU
	EndGlobalSection
	GlobalSection(SolutionProperties) = preSolution
		HideSolutionNode = FALSE
	EndGlobalSection
	GlobalSection(ExtensibilityGlobals) = postSolution
		SolutionGuid = {C08DA434-B0E4-4D3F-89BB-88CEF5D998BB}
	EndGlobalSection
EndGlobal
