
Microsoft Visual Studio Solution File, Format Version 12.00
# Visual Studio Version 17
VisualStudioVersion = 17.3.32922.545
MinimumVisualStudioVersion = 10.0.40219.1
Project("{FAE04EC0-301F-11D3-BF4B-00C04F79EFBC}") = "C2_Watchtower", "C2_Watchtower.csproj", "{979C8A60-A151-4041-9971-9DF75D2D38F3}"
EndProject
Global
	GlobalSection(SolutionConfigurationPlatforms) = preSolution
		Debug|Any CPU = Debug|Any CPU
		Release|Any CPU = Release|Any CPU
	EndGlobalSection
	GlobalSection(ProjectConfigurationPlatforms) = postSolution
		{979C8A60-A151-4041-9971-9DF75D2D38F3}.Debug|Any CPU.ActiveCfg = Debug|Any CPU
		{979C8A60-A151-4041-9971-9DF75D2D38F3}.Debug|Any CPU.Build.0 = Debug|Any CPU
		{979C8A60-A151-4041-9971-9DF75D2D38F3}.Release|Any CPU.ActiveCfg = Release|Any CPU
		{979C8A60-A151-4041-9971-9DF75D2D38F3}.Release|Any CPU.Build.0 = Release|Any CPU
	EndGlobalSection
	GlobalSection(SolutionProperties) = preSolution
		HideSolutionNode = FALSE
	EndGlobalSection
	GlobalSection(ExtensibilityGlobals) = postSolution
		SolutionGuid = {E5A67C41-B626-4598-A991-7558CD8C96CC}
	EndGlobalSection
EndGlobal
