
Microsoft Visual Studio Solution File, Format Version 12.00
# Visual Studio Version 17
VisualStudioVersion = 17.3.32922.545
MinimumVisualStudioVersion = 10.0.40219.1
Project("{FAE04EC0-301F-11D3-BF4B-00C04F79EFBC}") = "C2_The_Magic_Cannon", "C2_The_Magic_Cannon.csproj", "{B6D4CDBA-3387-428E-9D7B-44256EC2419C}"
EndProject
Global
	GlobalSection(SolutionConfigurationPlatforms) = preSolution
		Debug|Any CPU = Debug|Any CPU
		Release|Any CPU = Release|Any CPU
	EndGlobalSection
	GlobalSection(ProjectConfigurationPlatforms) = postSolution
		{B6D4CDBA-3387-428E-9D7B-44256EC2419C}.Debug|Any CPU.ActiveCfg = Debug|Any CPU
		{B6D4CDBA-3387-428E-9D7B-44256EC2419C}.Debug|Any CPU.Build.0 = Debug|Any CPU
		{B6D4CDBA-3387-428E-9D7B-44256EC2419C}.Release|Any CPU.ActiveCfg = Release|Any CPU
		{B6D4CDBA-3387-428E-9D7B-44256EC2419C}.Release|Any CPU.Build.0 = Release|Any CPU
	EndGlobalSection
	GlobalSection(SolutionProperties) = preSolution
		HideSolutionNode = FALSE
	EndGlobalSection
	GlobalSection(ExtensibilityGlobals) = postSolution
		SolutionGuid = {A3A34E9D-CBC9-483E-A87C-32C1E7CF9E8B}
	EndGlobalSection
EndGlobal
