
Microsoft Visual Studio Solution File, Format Version 12.00
# Visual Studio Version 17
VisualStudioVersion = 17.3.32922.545
MinimumVisualStudioVersion = 10.0.40219.1
Project("{FAE04EC0-301F-11D3-BF4B-00C04F79EFBC}") = "C1_Vin_Fletchers_Arrows", "C1_Vin_Fletchers_Arrows.csproj", "{0F53884E-BCD3-4D1F-ABA4-B54A87397C5D}"
EndProject
Global
	GlobalSection(SolutionConfigurationPlatforms) = preSolution
		Debug|Any CPU = Debug|Any CPU
		Release|Any CPU = Release|Any CPU
	EndGlobalSection
	GlobalSection(ProjectConfigurationPlatforms) = postSolution
		{0F53884E-BCD3-4D1F-ABA4-B54A87397C5D}.Debug|Any CPU.ActiveCfg = Debug|Any CPU
		{0F53884E-BCD3-4D1F-ABA4-B54A87397C5D}.Debug|Any CPU.Build.0 = Debug|Any CPU
		{0F53884E-BCD3-4D1F-ABA4-B54A87397C5D}.Release|Any CPU.ActiveCfg = Release|Any CPU
		{0F53884E-BCD3-4D1F-ABA4-B54A87397C5D}.Release|Any CPU.Build.0 = Release|Any CPU
	EndGlobalSection
	GlobalSection(SolutionProperties) = preSolution
		HideSolutionNode = FALSE
	EndGlobalSection
	GlobalSection(ExtensibilityGlobals) = postSolution
		SolutionGuid = {08C8C0A9-3D76-4019-B5F8-36FAE9FADC01}
	EndGlobalSection
EndGlobal
