
Microsoft Visual Studio Solution File, Format Version 12.00
# Visual Studio Version 17
VisualStudioVersion = 17.3.32922.545
MinimumVisualStudioVersion = 10.0.40219.1
Project("{FAE04EC0-301F-11D3-BF4B-00C04F79EFBC}") = "C3_The_Dominion_Of_Kings", "C3_The_Dominion_Of_Kings.csproj", "{37B0183C-D417-425B-87F7-FF21FFB49228}"
EndProject
Global
	GlobalSection(SolutionConfigurationPlatforms) = preSolution
		Debug|Any CPU = Debug|Any CPU
		Release|Any CPU = Release|Any CPU
	EndGlobalSection
	GlobalSection(ProjectConfigurationPlatforms) = postSolution
		{37B0183C-D417-425B-87F7-FF21FFB49228}.Debug|Any CPU.ActiveCfg = Debug|Any CPU
		{37B0183C-D417-425B-87F7-FF21FFB49228}.Debug|Any CPU.Build.0 = Debug|Any CPU
		{37B0183C-D417-425B-87F7-FF21FFB49228}.Release|Any CPU.ActiveCfg = Release|Any CPU
		{37B0183C-D417-425B-87F7-FF21FFB49228}.Release|Any CPU.Build.0 = Release|Any CPU
	EndGlobalSection
	GlobalSection(SolutionProperties) = preSolution
		HideSolutionNode = FALSE
	EndGlobalSection
	GlobalSection(ExtensibilityGlobals) = postSolution
		SolutionGuid = {B5751535-E267-4E22-86F2-858A660BB1AE}
	EndGlobalSection
EndGlobal
