
Microsoft Visual Studio Solution File, Format Version 12.00
# Visual Studio Version 17
VisualStudioVersion = 17.3.32922.545
MinimumVisualStudioVersion = 10.0.40219.1
Project("{FAE04EC0-301F-11D3-BF4B-00C04F79EFBC}") = "PackingInventory", "PackingInventory\PackingInventory.csproj", "{B5D10351-39AD-4732-B6E8-6450E56647E0}"
EndProject
Global
	GlobalSection(SolutionConfigurationPlatforms) = preSolution
		Debug|Any CPU = Debug|Any CPU
		Release|Any CPU = Release|Any CPU
	EndGlobalSection
	GlobalSection(ProjectConfigurationPlatforms) = postSolution
		{B5D10351-39AD-4732-B6E8-6450E56647E0}.Debug|Any CPU.ActiveCfg = Debug|Any CPU
		{B5D10351-39AD-4732-B6E8-6450E56647E0}.Debug|Any CPU.Build.0 = Debug|Any CPU
		{B5D10351-39AD-4732-B6E8-6450E56647E0}.Release|Any CPU.ActiveCfg = Release|Any CPU
		{B5D10351-39AD-4732-B6E8-6450E56647E0}.Release|Any CPU.Build.0 = Release|Any CPU
	EndGlobalSection
	GlobalSection(SolutionProperties) = preSolution
		HideSolutionNode = FALSE
	EndGlobalSection
	GlobalSection(ExtensibilityGlobals) = postSolution
		SolutionGuid = {4EB3FD2D-E74A-4F15-905C-BC694BC15419}
	EndGlobalSection
EndGlobal
