
Microsoft Visual Studio Solution File, Format Version 12.00
# Visual Studio Version 17
VisualStudioVersion = 17.3.32922.545
MinimumVisualStudioVersion = 10.0.40219.1
Project("{FAE04EC0-301F-11D3-BF4B-00C04F79EFBC}") = "C2_The_Laws_Of_Freach", "C2_The_Laws_Of_Freach.csproj", "{B8043C9C-FBF7-41DF-890A-1D7059BBF20D}"
EndProject
Global
	GlobalSection(SolutionConfigurationPlatforms) = preSolution
		Debug|Any CPU = Debug|Any CPU
		Release|Any CPU = Release|Any CPU
	EndGlobalSection
	GlobalSection(ProjectConfigurationPlatforms) = postSolution
		{B8043C9C-FBF7-41DF-890A-1D7059BBF20D}.Debug|Any CPU.ActiveCfg = Debug|Any CPU
		{B8043C9C-FBF7-41DF-890A-1D7059BBF20D}.Debug|Any CPU.Build.0 = Debug|Any CPU
		{B8043C9C-FBF7-41DF-890A-1D7059BBF20D}.Release|Any CPU.ActiveCfg = Release|Any CPU
		{B8043C9C-FBF7-41DF-890A-1D7059BBF20D}.Release|Any CPU.Build.0 = Release|Any CPU
	EndGlobalSection
	GlobalSection(SolutionProperties) = preSolution
		HideSolutionNode = FALSE
	EndGlobalSection
	GlobalSection(ExtensibilityGlobals) = postSolution
		SolutionGuid = {984C64BC-F9EB-428F-966C-AC1659E118FB}
	EndGlobalSection
EndGlobal
