
Microsoft Visual Studio Solution File, Format Version 12.00
# Visual Studio Version 17
VisualStudioVersion = 17.3.32922.545
MinimumVisualStudioVersion = 10.0.40219.1
Project("{FAE04EC0-301F-11D3-BF4B-00C04F79EFBC}") = "C1_The_Defense_Of_Consolas", "C1_The_Defense_Of_Consolas.csproj", "{3601639A-AEE9-42F3-BD0A-4543C289EA74}"
EndProject
Global
	GlobalSection(SolutionConfigurationPlatforms) = preSolution
		Debug|Any CPU = Debug|Any CPU
		Release|Any CPU = Release|Any CPU
	EndGlobalSection
	GlobalSection(ProjectConfigurationPlatforms) = postSolution
		{3601639A-AEE9-42F3-BD0A-4543C289EA74}.Debug|Any CPU.ActiveCfg = Debug|Any CPU
		{3601639A-AEE9-42F3-BD0A-4543C289EA74}.Debug|Any CPU.Build.0 = Debug|Any CPU
		{3601639A-AEE9-42F3-BD0A-4543C289EA74}.Release|Any CPU.ActiveCfg = Release|Any CPU
		{3601639A-AEE9-42F3-BD0A-4543C289EA74}.Release|Any CPU.Build.0 = Release|Any CPU
	EndGlobalSection
	GlobalSection(SolutionProperties) = preSolution
		HideSolutionNode = FALSE
	EndGlobalSection
	GlobalSection(ExtensibilityGlobals) = postSolution
		SolutionGuid = {4AC830F7-2232-4FF0-92B8-EA5893030756}
	EndGlobalSection
EndGlobal
