
Microsoft Visual Studio Solution File, Format Version 12.00
# Visual Studio Version 17
VisualStudioVersion = 17.3.32922.545
MinimumVisualStudioVersion = 10.0.40219.1
Project("{FAE04EC0-301F-11D3-BF4B-00C04F79EFBC}") = "C1_The_Properties_Of_Arrows", "C1_The_Properties_Of_Arrows.csproj", "{3A5C7B2C-F36D-43E9-8DEB-E13A861847B8}"
EndProject
Global
	GlobalSection(SolutionConfigurationPlatforms) = preSolution
		Debug|Any CPU = Debug|Any CPU
		Release|Any CPU = Release|Any CPU
	EndGlobalSection
	GlobalSection(ProjectConfigurationPlatforms) = postSolution
		{3A5C7B2C-F36D-43E9-8DEB-E13A861847B8}.Debug|Any CPU.ActiveCfg = Debug|Any CPU
		{3A5C7B2C-F36D-43E9-8DEB-E13A861847B8}.Debug|Any CPU.Build.0 = Debug|Any CPU
		{3A5C7B2C-F36D-43E9-8DEB-E13A861847B8}.Release|Any CPU.ActiveCfg = Release|Any CPU
		{3A5C7B2C-F36D-43E9-8DEB-E13A861847B8}.Release|Any CPU.Build.0 = Release|Any CPU
	EndGlobalSection
	GlobalSection(SolutionProperties) = preSolution
		HideSolutionNode = FALSE
	EndGlobalSection
	GlobalSection(ExtensibilityGlobals) = postSolution
		SolutionGuid = {568B7B46-598E-432D-887A-6470828C7897}
	EndGlobalSection
EndGlobal
