
Microsoft Visual Studio Solution File, Format Version 12.00
# Visual Studio Version 17
VisualStudioVersion = 17.3.32922.545
MinimumVisualStudioVersion = 10.0.40219.1
Project("{FAE04EC0-301F-11D3-BF4B-00C04F79EFBC}") = "C2_Discounted_Inventory", "C2_Discounted_Inventory.csproj", "{AAF77C2C-3523-4EB7-875D-2750F5279A77}"
EndProject
Global
	GlobalSection(SolutionConfigurationPlatforms) = preSolution
		Debug|Any CPU = Debug|Any CPU
		Release|Any CPU = Release|Any CPU
	EndGlobalSection
	GlobalSection(ProjectConfigurationPlatforms) = postSolution
		{AAF77C2C-3523-4EB7-875D-2750F5279A77}.Debug|Any CPU.ActiveCfg = Debug|Any CPU
		{AAF77C2C-3523-4EB7-875D-2750F5279A77}.Debug|Any CPU.Build.0 = Debug|Any CPU
		{AAF77C2C-3523-4EB7-875D-2750F5279A77}.Release|Any CPU.ActiveCfg = Release|Any CPU
		{AAF77C2C-3523-4EB7-875D-2750F5279A77}.Release|Any CPU.Build.0 = Release|Any CPU
	EndGlobalSection
	GlobalSection(SolutionProperties) = preSolution
		HideSolutionNode = FALSE
	EndGlobalSection
	GlobalSection(ExtensibilityGlobals) = postSolution
		SolutionGuid = {3BE54217-89BF-4D65-B1C2-72D8241240E9}
	EndGlobalSection
EndGlobal
